
Microsoft Visual Studio Solution File, Format Version 12.00
# Visual Studio 2017
Project("{FAE04EC0-301F-11D3-BF4B-00C04F79EFBC}") = "block Breaker", "block Breaker.csproj", "{E79E31C6-A960-47E4-7277-C2D482192A6D}"
EndProject
Global
	GlobalSection(SolutionConfigurationPlatforms) = preSolution
		Debug|Any CPU = Debug|Any CPU
		Release|Any CPU = Release|Any CPU
	EndGlobalSection
	GlobalSection(ProjectConfigurationPlatforms) = postSolution
		{E79E31C6-A960-47E4-7277-C2D482192A6D}.Debug|Any CPU.ActiveCfg = Debug|Any CPU
		{E79E31C6-A960-47E4-7277-C2D482192A6D}.Debug|Any CPU.Build.0 = Debug|Any CPU
		{E79E31C6-A960-47E4-7277-C2D482192A6D}.Release|Any CPU.ActiveCfg = Release|Any CPU
		{E79E31C6-A960-47E4-7277-C2D482192A6D}.Release|Any CPU.Build.0 = Release|Any CPU
	EndGlobalSection
	GlobalSection(SolutionProperties) = preSolution
		HideSolutionNode = FALSE
	EndGlobalSection
EndGlobal
